
Microsoft Visual Studio Solution File, Format Version 12.00
# Visual Studio Version 16
VisualStudioVersion = 16.0.29613.14
MinimumVisualStudioVersion = 10.0.40219.1
Project("{888888A0-9F3D-457C-B088-3A5042F75D52}") = "Maori_v1", "Maori_v1\Maori_v1.pyproj", "{5A748486-D416-4F33-86E1-EC6D71BACF9B}"
EndProject
Global
	GlobalSection(SolutionConfigurationPlatforms) = preSolution
		Debug|Any CPU = Debug|Any CPU
		Release|Any CPU = Release|Any CPU
	EndGlobalSection
	GlobalSection(ProjectConfigurationPlatforms) = postSolution
		{5A748486-D416-4F33-86E1-EC6D71BACF9B}.Debug|Any CPU.ActiveCfg = Debug|Any CPU
		{5A748486-D416-4F33-86E1-EC6D71BACF9B}.Release|Any CPU.ActiveCfg = Release|Any CPU
	EndGlobalSection
	GlobalSection(SolutionProperties) = preSolution
		HideSolutionNode = FALSE
	EndGlobalSection
	GlobalSection(ExtensibilityGlobals) = postSolution
		SolutionGuid = {9B51C861-DFE9-4DF9-B97A-D7D4706D3FAA}
	EndGlobalSection
EndGlobal
